
Microsoft Visual Studio Solution File, Format Version 12.00
# Visual Studio Version 17
VisualStudioVersion = 17.7.34031.279
MinimumVisualStudioVersion = 10.0.40219.1
Project("{F184B08F-C81C-45F6-A57F-5ABD9991F28F}") = "9.3Len function", "9.3Len function\9.3Len function.vbproj", "{D19BC379-352C-4A8B-BE7F-3A4F3A1441D9}"
EndProject
Global
	GlobalSection(SolutionConfigurationPlatforms) = preSolution
		Debug|Any CPU = Debug|Any CPU
		Release|Any CPU = Release|Any CPU
	EndGlobalSection
	GlobalSection(ProjectConfigurationPlatforms) = postSolution
		{D19BC379-352C-4A8B-BE7F-3A4F3A1441D9}.Debug|Any CPU.ActiveCfg = Debug|Any CPU
		{D19BC379-352C-4A8B-BE7F-3A4F3A1441D9}.Debug|Any CPU.Build.0 = Debug|Any CPU
		{D19BC379-352C-4A8B-BE7F-3A4F3A1441D9}.Release|Any CPU.ActiveCfg = Release|Any CPU
		{D19BC379-352C-4A8B-BE7F-3A4F3A1441D9}.Release|Any CPU.Build.0 = Release|Any CPU
	EndGlobalSection
	GlobalSection(SolutionProperties) = preSolution
		HideSolutionNode = FALSE
	EndGlobalSection
	GlobalSection(ExtensibilityGlobals) = postSolution
		SolutionGuid = {4E019CBC-BD8F-46CF-A6B4-A9653BE2E449}
	EndGlobalSection
EndGlobal
